
Microsoft Visual Studio Solution File, Format Version 12.00
# Visual Studio Version 17
VisualStudioVersion = 17.10.34928.147
MinimumVisualStudioVersion = 10.0.40219.1
Project("{9A19103F-16F7-4668-BE54-9A1E7A4F7556}") = "Warehouse.WebUI", "Warehouse.WebUI\Warehouse.WebUI.csproj", "{5D70550C-4473-4C8C-9A91-1DCE22B790EF}"
EndProject
Project("{9A19103F-16F7-4668-BE54-9A1E7A4F7556}") = "Warehouse.Domain", "Warehouse.Domain\Warehouse.Domain.csproj", "{B6A44E2B-966B-4F34-9172-40477C189CBE}"
EndProject
Project("{9A19103F-16F7-4668-BE54-9A1E7A4F7556}") = "Warehouse.DAL", "Warehouse.DAL\Warehouse.DAL.csproj", "{3B95B06B-20B0-4A03-8D3E-EF416F987D01}"
EndProject
Project("{9A19103F-16F7-4668-BE54-9A1E7A4F7556}") = "Warehouse.Tests", "Warehouse.Tests\Warehouse.Tests.csproj", "{46635FF3-1E5A-4482-AB6B-090B98D1CD6B}"
EndProject
Project("{2150E333-8FDC-42A3-9474-1A3956D46DE8}") = "Элементы решения", "Элементы решения", "{235BC629-F662-49E2-B93E-43C6064B2372}"
	ProjectSection(SolutionItems) = preProject
		comment.md = comment.md
	EndProjectSection
EndProject
Project("{9A19103F-16F7-4668-BE54-9A1E7A4F7556}") = "Warehouse.API", "Warehouse.API\Warehouse.API.csproj", "{F80F9C48-357C-41B8-AF6E-B0C2BF9E2470}"
EndProject
Global
	GlobalSection(SolutionConfigurationPlatforms) = preSolution
		Debug|Any CPU = Debug|Any CPU
		Release|Any CPU = Release|Any CPU
	EndGlobalSection
	GlobalSection(ProjectConfigurationPlatforms) = postSolution
		{5D70550C-4473-4C8C-9A91-1DCE22B790EF}.Debug|Any CPU.ActiveCfg = Debug|Any CPU
		{5D70550C-4473-4C8C-9A91-1DCE22B790EF}.Debug|Any CPU.Build.0 = Debug|Any CPU
		{5D70550C-4473-4C8C-9A91-1DCE22B790EF}.Release|Any CPU.ActiveCfg = Release|Any CPU
		{5D70550C-4473-4C8C-9A91-1DCE22B790EF}.Release|Any CPU.Build.0 = Release|Any CPU
		{B6A44E2B-966B-4F34-9172-40477C189CBE}.Debug|Any CPU.ActiveCfg = Debug|Any CPU
		{B6A44E2B-966B-4F34-9172-40477C189CBE}.Debug|Any CPU.Build.0 = Debug|Any CPU
		{B6A44E2B-966B-4F34-9172-40477C189CBE}.Release|Any CPU.ActiveCfg = Release|Any CPU
		{B6A44E2B-966B-4F34-9172-40477C189CBE}.Release|Any CPU.Build.0 = Release|Any CPU
		{3B95B06B-20B0-4A03-8D3E-EF416F987D01}.Debug|Any CPU.ActiveCfg = Debug|Any CPU
		{3B95B06B-20B0-4A03-8D3E-EF416F987D01}.Debug|Any CPU.Build.0 = Debug|Any CPU
		{3B95B06B-20B0-4A03-8D3E-EF416F987D01}.Release|Any CPU.ActiveCfg = Release|Any CPU
		{3B95B06B-20B0-4A03-8D3E-EF416F987D01}.Release|Any CPU.Build.0 = Release|Any CPU
		{46635FF3-1E5A-4482-AB6B-090B98D1CD6B}.Debug|Any CPU.ActiveCfg = Debug|Any CPU
		{46635FF3-1E5A-4482-AB6B-090B98D1CD6B}.Debug|Any CPU.Build.0 = Debug|Any CPU
		{46635FF3-1E5A-4482-AB6B-090B98D1CD6B}.Release|Any CPU.ActiveCfg = Release|Any CPU
		{46635FF3-1E5A-4482-AB6B-090B98D1CD6B}.Release|Any CPU.Build.0 = Release|Any CPU
		{F80F9C48-357C-41B8-AF6E-B0C2BF9E2470}.Debug|Any CPU.ActiveCfg = Debug|Any CPU
		{F80F9C48-357C-41B8-AF6E-B0C2BF9E2470}.Debug|Any CPU.Build.0 = Debug|Any CPU
		{F80F9C48-357C-41B8-AF6E-B0C2BF9E2470}.Release|Any CPU.ActiveCfg = Release|Any CPU
		{F80F9C48-357C-41B8-AF6E-B0C2BF9E2470}.Release|Any CPU.Build.0 = Release|Any CPU
	EndGlobalSection
	GlobalSection(SolutionProperties) = preSolution
		HideSolutionNode = FALSE
	EndGlobalSection
	GlobalSection(ExtensibilityGlobals) = postSolution
		SolutionGuid = {83A45216-7E0C-44E3-91F6-B06E0C1C6CB1}
	EndGlobalSection
EndGlobal
